// !$*UTF8*$!
{
	archiveVersion = 1;
	classes = {
	};
	objectVersion = 56;
	objects = {

/* Begin PBXBuildFile section */
		F60C5BA62A49B10F00F3B705 /* LaunchScreenViewModel.swift in Sources */ = {isa = PBXBuildFile; fileRef = F60C5BA52A49B10F00F3B705 /* LaunchScreenViewModel.swift */; };
		F60C5BA92A49B55C00F3B705 /* OnboardingScreenViewModel.swift in Sources */ = {isa = PBXBuildFile; fileRef = F60C5BA82A49B55C00F3B705 /* OnboardingScreenViewModel.swift */; };
		F60C5BAB2A49B62B00F3B705 /* OnboardingPageController.swift in Sources */ = {isa = PBXBuildFile; fileRef = F60C5BAA2A49B62B00F3B705 /* OnboardingPageController.swift */; };
		F60C5BAD2A49B6D500F3B705 /* OnboardingScreenController.swift in Sources */ = {isa = PBXBuildFile; fileRef = F60C5BAC2A49B6D500F3B705 /* OnboardingScreenController.swift */; };
		F60C5BAF2A49C81700F3B705 /* CategoryCreationScreenController.swift in Sources */ = {isa = PBXBuildFile; fileRef = F60C5BAE2A49C81700F3B705 /* CategoryCreationScreenController.swift */; };
		F60C5BB12A49CF6400F3B705 /* TrackerSelectionScreenController.swift in Sources */ = {isa = PBXBuildFile; fileRef = F60C5BB02A49CF6400F3B705 /* TrackerSelectionScreenController.swift */; };
		F613617C2A1CCDA300B0EA3B /* UIColor+Extension.swift in Sources */ = {isa = PBXBuildFile; fileRef = F613617B2A1CCDA300B0EA3B /* UIColor+Extension.swift */; };
		F61361872A1E28EC00B0EA3B /* Tracker.swift in Sources */ = {isa = PBXBuildFile; fileRef = F61361862A1E28EC00B0EA3B /* Tracker.swift */; };
		F61361892A1E294000B0EA3B /* WeekDay.swift in Sources */ = {isa = PBXBuildFile; fileRef = F61361882A1E294000B0EA3B /* WeekDay.swift */; };
		F613618D2A1E2CF600B0EA3B /* TrackerRecord.swift in Sources */ = {isa = PBXBuildFile; fileRef = F613618C2A1E2CF600B0EA3B /* TrackerRecord.swift */; };
		F613618F2A1E2D1500B0EA3B /* TrackerCategory.swift in Sources */ = {isa = PBXBuildFile; fileRef = F613618E2A1E2D1500B0EA3B /* TrackerCategory.swift */; };
		F61361992A1E47C400B0EA3B /* Date+Extension.swift in Sources */ = {isa = PBXBuildFile; fileRef = F61361982A1E47C400B0EA3B /* Date+Extension.swift */; };
		F64E125C2A39E7870053AF65 /* CategoryCellView.swift in Sources */ = {isa = PBXBuildFile; fileRef = F64E125B2A39E7870053AF65 /* CategoryCellView.swift */; };
		F64E125E2A39E7910053AF65 /* ScheduleCellView.swift in Sources */ = {isa = PBXBuildFile; fileRef = F64E125D2A39E7910053AF65 /* ScheduleCellView.swift */; };
		F64E12602A39E79F0053AF65 /* EmojiCellView.swift in Sources */ = {isa = PBXBuildFile; fileRef = F64E125F2A39E79F0053AF65 /* EmojiCellView.swift */; };
		F64E12622A39E7AA0053AF65 /* ColorCellView.swift in Sources */ = {isa = PBXBuildFile; fileRef = F64E12612A39E7AA0053AF65 /* ColorCellView.swift */; };
		F64E12642A39E7BA0053AF65 /* HabitCreationScreenView.swift in Sources */ = {isa = PBXBuildFile; fileRef = F64E12632A39E7BA0053AF65 /* HabitCreationScreenView.swift */; };
		F64E12662A39E7D70053AF65 /* HabitCreationScreenController.swift in Sources */ = {isa = PBXBuildFile; fileRef = F64E12652A39E7D70053AF65 /* HabitCreationScreenController.swift */; };
		F64E12682A39E7E70053AF65 /* HabitCreationScreenPresenter.swift in Sources */ = {isa = PBXBuildFile; fileRef = F64E12672A39E7E70053AF65 /* HabitCreationScreenPresenter.swift */; };
		F64E126E2A3C7C330053AF65 /* DaySelectionCell.swift in Sources */ = {isa = PBXBuildFile; fileRef = F64E126D2A3C7C330053AF65 /* DaySelectionCell.swift */; };
		F64E12702A3C7DA90053AF65 /* ScheduleConfigurationScreenView.swift in Sources */ = {isa = PBXBuildFile; fileRef = F64E126F2A3C7DA90053AF65 /* ScheduleConfigurationScreenView.swift */; };
		F64E12722A3C8B1F0053AF65 /* ScheduleConfigurationScreenPresenter.swift in Sources */ = {isa = PBXBuildFile; fileRef = F64E12712A3C8B1F0053AF65 /* ScheduleConfigurationScreenPresenter.swift */; };
		F64E12742A3C8B3D0053AF65 /* ScheduleConfigurationScreenController.swift in Sources */ = {isa = PBXBuildFile; fileRef = F64E12732A3C8B3D0053AF65 /* ScheduleConfigurationScreenController.swift */; };
		F64E12812A3CAA820053AF65 /* CategorySelectionCell.swift in Sources */ = {isa = PBXBuildFile; fileRef = F64E12802A3CAA820053AF65 /* CategorySelectionCell.swift */; };
		F64E12832A3CAC330053AF65 /* TrackerCategoryScreenView.swift in Sources */ = {isa = PBXBuildFile; fileRef = F64E12822A3CAC330053AF65 /* TrackerCategoryScreenView.swift */; };
		F64E12852A3CAFE80053AF65 /* TrackerCategoryScreenPresenter.swift in Sources */ = {isa = PBXBuildFile; fileRef = F64E12842A3CAFE80053AF65 /* TrackerCategoryScreenPresenter.swift */; };
		F64E12882A40636D0053AF65 /* CoreDataManager.swift in Sources */ = {isa = PBXBuildFile; fileRef = F64E12872A40636D0053AF65 /* CoreDataManager.swift */; };
		F64E128A2A4064DA0053AF65 /* TrackerRecordStore.swift in Sources */ = {isa = PBXBuildFile; fileRef = F64E12892A4064DA0053AF65 /* TrackerRecordStore.swift */; };
		F64E128D2A4066A60053AF65 /* TrackerDb.xcdatamodeld in Sources */ = {isa = PBXBuildFile; fileRef = F64E128B2A4066A60053AF65 /* TrackerDb.xcdatamodeld */; };
		F64E128F2A4070B60053AF65 /* TrackerCategoryStore.swift in Sources */ = {isa = PBXBuildFile; fileRef = F64E128E2A4070B60053AF65 /* TrackerCategoryStore.swift */; };
		F64E12912A407A470053AF65 /* TrackerCategoryScreenController.swift in Sources */ = {isa = PBXBuildFile; fileRef = F64E12902A407A470053AF65 /* TrackerCategoryScreenController.swift */; };
		F64E12932A4086370053AF65 /* AppTabBarController.swift in Sources */ = {isa = PBXBuildFile; fileRef = F64E12922A4086370053AF65 /* AppTabBarController.swift */; };
		F64E12A12A4350E70053AF65 /* Observable.swift in Sources */ = {isa = PBXBuildFile; fileRef = F64E12A02A4350E70053AF65 /* Observable.swift */; };
		F6CDCE632A308943003E9F05 /* LaunchScreenController.swift in Sources */ = {isa = PBXBuildFile; fileRef = F6CDCE622A308943003E9F05 /* LaunchScreenController.swift */; };
		F6CDCE672A30901D003E9F05 /* UserDefaultsAccessor.swift in Sources */ = {isa = PBXBuildFile; fileRef = F6CDCE662A30901D003E9F05 /* UserDefaultsAccessor.swift */; };
		F6CDCE772A31E61E003E9F05 /* TrackersScreenController.swift in Sources */ = {isa = PBXBuildFile; fileRef = F6CDCE762A31E61E003E9F05 /* TrackersScreenController.swift */; };
		F6CDCE792A31E62B003E9F05 /* TrackersScreenPresenter.swift in Sources */ = {isa = PBXBuildFile; fileRef = F6CDCE782A31E62B003E9F05 /* TrackersScreenPresenter.swift */; };
		F6CDCE7B2A31E656003E9F05 /* TrackersScreenView.swift in Sources */ = {isa = PBXBuildFile; fileRef = F6CDCE7A2A31E656003E9F05 /* TrackersScreenView.swift */; };
		F6CDCE7E2A3329A3003E9F05 /* StyledScreenController.swift in Sources */ = {isa = PBXBuildFile; fileRef = F6CDCE7D2A3329A3003E9F05 /* StyledScreenController.swift */; };
		F6CDCE802A33310D003E9F05 /* NavigationController.swift in Sources */ = {isa = PBXBuildFile; fileRef = F6CDCE7F2A33310D003E9F05 /* NavigationController.swift */; };
		F6CDCE8C2A3345BD003E9F05 /* TrackerCollectionCell.swift in Sources */ = {isa = PBXBuildFile; fileRef = F6CDCE8B2A3345BD003E9F05 /* TrackerCollectionCell.swift */; };
		F6CDCE8E2A334D97003E9F05 /* TrackerScreenHeaderView.swift in Sources */ = {isa = PBXBuildFile; fileRef = F6CDCE8D2A334D97003E9F05 /* TrackerScreenHeaderView.swift */; };
		F6CDCE902A335A66003E9F05 /* Converters.swift in Sources */ = {isa = PBXBuildFile; fileRef = F6CDCE8F2A335A66003E9F05 /* Converters.swift */; };
		F6FA0BEE2A1B842C00E85451 /* AppDelegate.swift in Sources */ = {isa = PBXBuildFile; fileRef = F6FA0BED2A1B842C00E85451 /* AppDelegate.swift */; };
		F6FA0BF02A1B842C00E85451 /* SceneDelegate.swift in Sources */ = {isa = PBXBuildFile; fileRef = F6FA0BEF2A1B842C00E85451 /* SceneDelegate.swift */; };
		F6FA0BF72A1B842D00E85451 /* Assets.xcassets in Resources */ = {isa = PBXBuildFile; fileRef = F6FA0BF62A1B842D00E85451 /* Assets.xcassets */; };
/* End PBXBuildFile section */

/* Begin PBXFileReference section */
		F60C5BA52A49B10F00F3B705 /* LaunchScreenViewModel.swift */ = {isa = PBXFileReference; lastKnownFileType = sourcecode.swift; path = LaunchScreenViewModel.swift; sourceTree = "<group>"; };
		F60C5BA82A49B55C00F3B705 /* OnboardingScreenViewModel.swift */ = {isa = PBXFileReference; lastKnownFileType = sourcecode.swift; path = OnboardingScreenViewModel.swift; sourceTree = "<group>"; };
		F60C5BAA2A49B62B00F3B705 /* OnboardingPageController.swift */ = {isa = PBXFileReference; lastKnownFileType = sourcecode.swift; path = OnboardingPageController.swift; sourceTree = "<group>"; };
		F60C5BAC2A49B6D500F3B705 /* OnboardingScreenController.swift */ = {isa = PBXFileReference; lastKnownFileType = sourcecode.swift; path = OnboardingScreenController.swift; sourceTree = "<group>"; };
		F60C5BAE2A49C81700F3B705 /* CategoryCreationScreenController.swift */ = {isa = PBXFileReference; lastKnownFileType = sourcecode.swift; path = CategoryCreationScreenController.swift; sourceTree = "<group>"; };
		F60C5BB02A49CF6400F3B705 /* TrackerSelectionScreenController.swift */ = {isa = PBXFileReference; lastKnownFileType = sourcecode.swift; path = TrackerSelectionScreenController.swift; sourceTree = "<group>"; };
		F613617B2A1CCDA300B0EA3B /* UIColor+Extension.swift */ = {isa = PBXFileReference; lastKnownFileType = sourcecode.swift; path = "UIColor+Extension.swift"; sourceTree = "<group>"; };
		F61361862A1E28EC00B0EA3B /* Tracker.swift */ = {isa = PBXFileReference; lastKnownFileType = sourcecode.swift; path = Tracker.swift; sourceTree = "<group>"; };
		F61361882A1E294000B0EA3B /* WeekDay.swift */ = {isa = PBXFileReference; lastKnownFileType = sourcecode.swift; path = WeekDay.swift; sourceTree = "<group>"; };
		F613618C2A1E2CF600B0EA3B /* TrackerRecord.swift */ = {isa = PBXFileReference; lastKnownFileType = sourcecode.swift; path = TrackerRecord.swift; sourceTree = "<group>"; };
		F613618E2A1E2D1500B0EA3B /* TrackerCategory.swift */ = {isa = PBXFileReference; lastKnownFileType = sourcecode.swift; path = TrackerCategory.swift; sourceTree = "<group>"; };
		F61361982A1E47C400B0EA3B /* Date+Extension.swift */ = {isa = PBXFileReference; lastKnownFileType = sourcecode.swift; path = "Date+Extension.swift"; sourceTree = "<group>"; };
		F64E125B2A39E7870053AF65 /* CategoryCellView.swift */ = {isa = PBXFileReference; lastKnownFileType = sourcecode.swift; path = CategoryCellView.swift; sourceTree = "<group>"; };
		F64E125D2A39E7910053AF65 /* ScheduleCellView.swift */ = {isa = PBXFileReference; lastKnownFileType = sourcecode.swift; path = ScheduleCellView.swift; sourceTree = "<group>"; };
		F64E125F2A39E79F0053AF65 /* EmojiCellView.swift */ = {isa = PBXFileReference; lastKnownFileType = sourcecode.swift; path = EmojiCellView.swift; sourceTree = "<group>"; };
		F64E12612A39E7AA0053AF65 /* ColorCellView.swift */ = {isa = PBXFileReference; lastKnownFileType = sourcecode.swift; path = ColorCellView.swift; sourceTree = "<group>"; };
		F64E12632A39E7BA0053AF65 /* HabitCreationScreenView.swift */ = {isa = PBXFileReference; lastKnownFileType = sourcecode.swift; path = HabitCreationScreenView.swift; sourceTree = "<group>"; };
		F64E12652A39E7D70053AF65 /* HabitCreationScreenController.swift */ = {isa = PBXFileReference; lastKnownFileType = sourcecode.swift; path = HabitCreationScreenController.swift; sourceTree = "<group>"; };
		F64E12672A39E7E70053AF65 /* HabitCreationScreenPresenter.swift */ = {isa = PBXFileReference; lastKnownFileType = sourcecode.swift; path = HabitCreationScreenPresenter.swift; sourceTree = "<group>"; };
		F64E126D2A3C7C330053AF65 /* DaySelectionCell.swift */ = {isa = PBXFileReference; lastKnownFileType = sourcecode.swift; path = DaySelectionCell.swift; sourceTree = "<group>"; };
		F64E126F2A3C7DA90053AF65 /* ScheduleConfigurationScreenView.swift */ = {isa = PBXFileReference; lastKnownFileType = sourcecode.swift; path = ScheduleConfigurationScreenView.swift; sourceTree = "<group>"; };
		F64E12712A3C8B1F0053AF65 /* ScheduleConfigurationScreenPresenter.swift */ = {isa = PBXFileReference; lastKnownFileType = sourcecode.swift; path = ScheduleConfigurationScreenPresenter.swift; sourceTree = "<group>"; };
		F64E12732A3C8B3D0053AF65 /* ScheduleConfigurationScreenController.swift */ = {isa = PBXFileReference; lastKnownFileType = sourcecode.swift; path = ScheduleConfigurationScreenController.swift; sourceTree = "<group>"; };
		F64E12802A3CAA820053AF65 /* CategorySelectionCell.swift */ = {isa = PBXFileReference; lastKnownFileType = sourcecode.swift; path = CategorySelectionCell.swift; sourceTree = "<group>"; };
		F64E12822A3CAC330053AF65 /* TrackerCategoryScreenView.swift */ = {isa = PBXFileReference; lastKnownFileType = sourcecode.swift; path = TrackerCategoryScreenView.swift; sourceTree = "<group>"; };
		F64E12842A3CAFE80053AF65 /* TrackerCategoryScreenPresenter.swift */ = {isa = PBXFileReference; lastKnownFileType = sourcecode.swift; path = TrackerCategoryScreenPresenter.swift; sourceTree = "<group>"; };
		F64E12872A40636D0053AF65 /* CoreDataManager.swift */ = {isa = PBXFileReference; lastKnownFileType = sourcecode.swift; path = CoreDataManager.swift; sourceTree = "<group>"; };
		F64E12892A4064DA0053AF65 /* TrackerRecordStore.swift */ = {isa = PBXFileReference; lastKnownFileType = sourcecode.swift; path = TrackerRecordStore.swift; sourceTree = "<group>"; };
		F64E128C2A4066A60053AF65 /* TrackerDb.xcdatamodel */ = {isa = PBXFileReference; lastKnownFileType = wrapper.xcdatamodel; path = TrackerDb.xcdatamodel; sourceTree = "<group>"; };
		F64E128E2A4070B60053AF65 /* TrackerCategoryStore.swift */ = {isa = PBXFileReference; lastKnownFileType = sourcecode.swift; path = TrackerCategoryStore.swift; sourceTree = "<group>"; };
		F64E12902A407A470053AF65 /* TrackerCategoryScreenController.swift */ = {isa = PBXFileReference; lastKnownFileType = sourcecode.swift; path = TrackerCategoryScreenController.swift; sourceTree = "<group>"; };
		F64E12922A4086370053AF65 /* AppTabBarController.swift */ = {isa = PBXFileReference; lastKnownFileType = sourcecode.swift; path = AppTabBarController.swift; sourceTree = "<group>"; };
		F64E12A02A4350E70053AF65 /* Observable.swift */ = {isa = PBXFileReference; lastKnownFileType = sourcecode.swift; path = Observable.swift; sourceTree = "<group>"; };
		F6CDCE622A308943003E9F05 /* LaunchScreenController.swift */ = {isa = PBXFileReference; lastKnownFileType = sourcecode.swift; path = LaunchScreenController.swift; sourceTree = "<group>"; };
		F6CDCE662A30901D003E9F05 /* UserDefaultsAccessor.swift */ = {isa = PBXFileReference; lastKnownFileType = sourcecode.swift; path = UserDefaultsAccessor.swift; sourceTree = "<group>"; };
		F6CDCE762A31E61E003E9F05 /* TrackersScreenController.swift */ = {isa = PBXFileReference; lastKnownFileType = sourcecode.swift; path = TrackersScreenController.swift; sourceTree = "<group>"; };
		F6CDCE782A31E62B003E9F05 /* TrackersScreenPresenter.swift */ = {isa = PBXFileReference; lastKnownFileType = sourcecode.swift; path = TrackersScreenPresenter.swift; sourceTree = "<group>"; };
		F6CDCE7A2A31E656003E9F05 /* TrackersScreenView.swift */ = {isa = PBXFileReference; lastKnownFileType = sourcecode.swift; path = TrackersScreenView.swift; sourceTree = "<group>"; };
		F6CDCE7D2A3329A3003E9F05 /* StyledScreenController.swift */ = {isa = PBXFileReference; lastKnownFileType = sourcecode.swift; path = StyledScreenController.swift; sourceTree = "<group>"; };
		F6CDCE7F2A33310D003E9F05 /* NavigationController.swift */ = {isa = PBXFileReference; lastKnownFileType = sourcecode.swift; path = NavigationController.swift; sourceTree = "<group>"; };
		F6CDCE8B2A3345BD003E9F05 /* TrackerCollectionCell.swift */ = {isa = PBXFileReference; lastKnownFileType = sourcecode.swift; path = TrackerCollectionCell.swift; sourceTree = "<group>"; };
		F6CDCE8D2A334D97003E9F05 /* TrackerScreenHeaderView.swift */ = {isa = PBXFileReference; lastKnownFileType = sourcecode.swift; path = TrackerScreenHeaderView.swift; sourceTree = "<group>"; };
		F6CDCE8F2A335A66003E9F05 /* Converters.swift */ = {isa = PBXFileReference; lastKnownFileType = sourcecode.swift; path = Converters.swift; sourceTree = "<group>"; };
		F6FA0BEA2A1B842C00E85451 /* Tracker.app */ = {isa = PBXFileReference; explicitFileType = wrapper.application; includeInIndex = 0; path = Tracker.app; sourceTree = BUILT_PRODUCTS_DIR; };
		F6FA0BED2A1B842C00E85451 /* AppDelegate.swift */ = {isa = PBXFileReference; lastKnownFileType = sourcecode.swift; path = AppDelegate.swift; sourceTree = "<group>"; };
		F6FA0BEF2A1B842C00E85451 /* SceneDelegate.swift */ = {isa = PBXFileReference; lastKnownFileType = sourcecode.swift; path = SceneDelegate.swift; sourceTree = "<group>"; };
		F6FA0BF62A1B842D00E85451 /* Assets.xcassets */ = {isa = PBXFileReference; lastKnownFileType = folder.assetcatalog; path = Assets.xcassets; sourceTree = "<group>"; };
		F6FA0BFB2A1B842D00E85451 /* Info.plist */ = {isa = PBXFileReference; lastKnownFileType = text.plist.xml; path = Info.plist; sourceTree = "<group>"; };
/* End PBXFileReference section */

/* Begin PBXFrameworksBuildPhase section */
		F6FA0BE72A1B842C00E85451 /* Frameworks */ = {
			isa = PBXFrameworksBuildPhase;
			buildActionMask = 2147483647;
			files = (
			);
			runOnlyForDeploymentPostprocessing = 0;
		};
/* End PBXFrameworksBuildPhase section */

/* Begin PBXGroup section */
		F60C5BA42A49B0C800F3B705 /* ViewModel */ = {
			isa = PBXGroup;
			children = (
				F60C5BA52A49B10F00F3B705 /* LaunchScreenViewModel.swift */,
			);
			path = ViewModel;
			sourceTree = "<group>";
		};
		F60C5BA72A49B53F00F3B705 /* ViewModel */ = {
			isa = PBXGroup;
			children = (
				F60C5BA82A49B55C00F3B705 /* OnboardingScreenViewModel.swift */,
			);
			path = ViewModel;
			sourceTree = "<group>";
		};
		F613617A2A1CCD8200B0EA3B /* Helpers */ = {
			isa = PBXGroup;
			children = (
				F613617B2A1CCDA300B0EA3B /* UIColor+Extension.swift */,
				F61361982A1E47C400B0EA3B /* Date+Extension.swift */,
				F6CDCE662A30901D003E9F05 /* UserDefaultsAccessor.swift */,
			);
			path = Helpers;
			sourceTree = "<group>";
		};
		F61361812A1E230900B0EA3B /* Resources */ = {
			isa = PBXGroup;
			children = (
				F613617A2A1CCD8200B0EA3B /* Helpers */,
				F6FA0BF62A1B842D00E85451 /* Assets.xcassets */,
			);
			path = Resources;
			sourceTree = "<group>";
		};
		F61361852A1E28D600B0EA3B /* Models */ = {
			isa = PBXGroup;
			children = (
				F64E12862A4063380053AF65 /* Core Data */,
				F61361862A1E28EC00B0EA3B /* Tracker.swift */,
				F61361882A1E294000B0EA3B /* WeekDay.swift */,
				F613618C2A1E2CF600B0EA3B /* TrackerRecord.swift */,
				F613618E2A1E2D1500B0EA3B /* TrackerCategory.swift */,
				F64E12A02A4350E70053AF65 /* Observable.swift */,
			);
			path = Models;
			sourceTree = "<group>";
		};
		F613619D2A2108E300B0EA3B /* Aux */ = {
			isa = PBXGroup;
			children = (
				F6CDCE8F2A335A66003E9F05 /* Converters.swift */,
			);
			path = Aux;
			sourceTree = "<group>";
		};
		F64E12572A39E7370053AF65 /* HabitCreationScreen */ = {
			isa = PBXGroup;
			children = (
				F64E125A2A39E7540053AF65 /* Presenter */,
				F64E12592A39E74F0053AF65 /* Controller */,
				F64E12582A39E7490053AF65 /* View */,
			);
			path = HabitCreationScreen;
			sourceTree = "<group>";
		};
		F64E12582A39E7490053AF65 /* View */ = {
			isa = PBXGroup;
			children = (
				F64E125B2A39E7870053AF65 /* CategoryCellView.swift */,
				F64E125D2A39E7910053AF65 /* ScheduleCellView.swift */,
				F64E125F2A39E79F0053AF65 /* EmojiCellView.swift */,
				F64E12612A39E7AA0053AF65 /* ColorCellView.swift */,
				F64E12632A39E7BA0053AF65 /* HabitCreationScreenView.swift */,
			);
			path = View;
			sourceTree = "<group>";
		};
		F64E12592A39E74F0053AF65 /* Controller */ = {
			isa = PBXGroup;
			children = (
				F64E12652A39E7D70053AF65 /* HabitCreationScreenController.swift */,
			);
			path = Controller;
			sourceTree = "<group>";
		};
		F64E125A2A39E7540053AF65 /* Presenter */ = {
			isa = PBXGroup;
			children = (
				F64E12672A39E7E70053AF65 /* HabitCreationScreenPresenter.swift */,
			);
			path = Presenter;
			sourceTree = "<group>";
		};
		F64E12692A3C7BED0053AF65 /* ScheduleConfigurationScreen */ = {
			isa = PBXGroup;
			children = (
				F64E126C2A3C7C080053AF65 /* Presenter */,
				F64E126B2A3C7C010053AF65 /* Controller */,
				F64E126A2A3C7BFD0053AF65 /* View */,
			);
			path = ScheduleConfigurationScreen;
			sourceTree = "<group>";
		};
		F64E126A2A3C7BFD0053AF65 /* View */ = {
			isa = PBXGroup;
			children = (
				F64E126D2A3C7C330053AF65 /* DaySelectionCell.swift */,
				F64E126F2A3C7DA90053AF65 /* ScheduleConfigurationScreenView.swift */,
			);
			path = View;
			sourceTree = "<group>";
		};
		F64E126B2A3C7C010053AF65 /* Controller */ = {
			isa = PBXGroup;
			children = (
				F64E12732A3C8B3D0053AF65 /* ScheduleConfigurationScreenController.swift */,
			);
			path = Controller;
			sourceTree = "<group>";
		};
		F64E126C2A3C7C080053AF65 /* Presenter */ = {
			isa = PBXGroup;
			children = (
				F64E12712A3C8B1F0053AF65 /* ScheduleConfigurationScreenPresenter.swift */,
			);
			path = Presenter;
			sourceTree = "<group>";
		};
		F64E12752A3C980D0053AF65 /* TrackerCategoryScreen */ = {
			isa = PBXGroup;
			children = (
				F64E127F2A3CAA6C0053AF65 /* Presenter */,
				F64E127E2A3CAA650053AF65 /* Controller */,
				F64E127D2A3CAA600053AF65 /* View */,
			);
			path = TrackerCategoryScreen;
			sourceTree = "<group>";
		};
		F64E12762A3C981A0053AF65 /* CategoryCreationScreen */ = {
			isa = PBXGroup;
			children = (
				F64E12772A3C98690053AF65 /* View */,
			);
			path = CategoryCreationScreen;
			sourceTree = "<group>";
		};
		F64E12772A3C98690053AF65 /* View */ = {
			isa = PBXGroup;
			children = (
				F60C5BAE2A49C81700F3B705 /* CategoryCreationScreenController.swift */,
			);
			path = View;
			sourceTree = "<group>";
		};
		F64E127D2A3CAA600053AF65 /* View */ = {
			isa = PBXGroup;
			children = (
				F64E12802A3CAA820053AF65 /* CategorySelectionCell.swift */,
				F64E12822A3CAC330053AF65 /* TrackerCategoryScreenView.swift */,
			);
			path = View;
			sourceTree = "<group>";
		};
		F64E127E2A3CAA650053AF65 /* Controller */ = {
			isa = PBXGroup;
			children = (
				F64E12902A407A470053AF65 /* TrackerCategoryScreenController.swift */,
			);
			path = Controller;
			sourceTree = "<group>";
		};
		F64E127F2A3CAA6C0053AF65 /* Presenter */ = {
			isa = PBXGroup;
			children = (
				F64E12842A3CAFE80053AF65 /* TrackerCategoryScreenPresenter.swift */,
			);
			path = Presenter;
			sourceTree = "<group>";
		};
		F64E12862A4063380053AF65 /* Core Data */ = {
			isa = PBXGroup;
			children = (
				F64E12872A40636D0053AF65 /* CoreDataManager.swift */,
				F64E12892A4064DA0053AF65 /* TrackerRecordStore.swift */,
				F64E128B2A4066A60053AF65 /* TrackerDb.xcdatamodeld */,
				F64E128E2A4070B60053AF65 /* TrackerCategoryStore.swift */,
			);
			path = "Core Data";
			sourceTree = "<group>";
		};
		F6CDCE5B2A3088DC003E9F05 /* Screens */ = {
			isa = PBXGroup;
			children = (
				F64E12762A3C981A0053AF65 /* CategoryCreationScreen */,
				F64E12752A3C980D0053AF65 /* TrackerCategoryScreen */,
				F64E12692A3C7BED0053AF65 /* ScheduleConfigurationScreen */,
				F64E12572A39E7370053AF65 /* HabitCreationScreen */,
				F6CDCE812A33348F003E9F05 /* TrackerSelectionScreen */,
				F6CDCE7C2A332939003E9F05 /* Common */,
				F6CDCE722A31E5E2003E9F05 /* TrackersScreen */,
				F6CDCE682A309415003E9F05 /* OnboardingScreen */,
				F6CDCE5C2A3088F5003E9F05 /* LaunchScreen */,
			);
			path = Screens;
			sourceTree = "<group>";
		};
		F6CDCE5C2A3088F5003E9F05 /* LaunchScreen */ = {
			isa = PBXGroup;
			children = (
				F60C5BA42A49B0C800F3B705 /* ViewModel */,
				F6CDCE5E2A308909003E9F05 /* Contoller */,
			);
			path = LaunchScreen;
			sourceTree = "<group>";
		};
		F6CDCE5E2A308909003E9F05 /* Contoller */ = {
			isa = PBXGroup;
			children = (
				F6CDCE622A308943003E9F05 /* LaunchScreenController.swift */,
			);
			path = Contoller;
			sourceTree = "<group>";
		};
		F6CDCE682A309415003E9F05 /* OnboardingScreen */ = {
			isa = PBXGroup;
			children = (
				F60C5BA72A49B53F00F3B705 /* ViewModel */,
				F6CDCE692A30942C003E9F05 /* View */,
			);
			path = OnboardingScreen;
			sourceTree = "<group>";
		};
		F6CDCE692A30942C003E9F05 /* View */ = {
			isa = PBXGroup;
			children = (
				F60C5BAA2A49B62B00F3B705 /* OnboardingPageController.swift */,
				F60C5BAC2A49B6D500F3B705 /* OnboardingScreenController.swift */,
			);
			path = View;
			sourceTree = "<group>";
		};
		F6CDCE722A31E5E2003E9F05 /* TrackersScreen */ = {
			isa = PBXGroup;
			children = (
				F6CDCE752A31E5FE003E9F05 /* Controller */,
				F6CDCE742A31E5F7003E9F05 /* Presenter */,
				F6CDCE732A31E5F1003E9F05 /* View */,
			);
			path = TrackersScreen;
			sourceTree = "<group>";
		};
		F6CDCE732A31E5F1003E9F05 /* View */ = {
			isa = PBXGroup;
			children = (
				F6CDCE7A2A31E656003E9F05 /* TrackersScreenView.swift */,
				F6CDCE8B2A3345BD003E9F05 /* TrackerCollectionCell.swift */,
				F6CDCE8D2A334D97003E9F05 /* TrackerScreenHeaderView.swift */,
			);
			path = View;
			sourceTree = "<group>";
		};
		F6CDCE742A31E5F7003E9F05 /* Presenter */ = {
			isa = PBXGroup;
			children = (
				F6CDCE782A31E62B003E9F05 /* TrackersScreenPresenter.swift */,
			);
			path = Presenter;
			sourceTree = "<group>";
		};
		F6CDCE752A31E5FE003E9F05 /* Controller */ = {
			isa = PBXGroup;
			children = (
				F6CDCE762A31E61E003E9F05 /* TrackersScreenController.swift */,
			);
			path = Controller;
			sourceTree = "<group>";
		};
		F6CDCE7C2A332939003E9F05 /* Common */ = {
			isa = PBXGroup;
			children = (
				F6CDCE7D2A3329A3003E9F05 /* StyledScreenController.swift */,
				F6CDCE7F2A33310D003E9F05 /* NavigationController.swift */,
				F64E12922A4086370053AF65 /* AppTabBarController.swift */,
			);
			path = Common;
			sourceTree = "<group>";
		};
		F6CDCE812A33348F003E9F05 /* TrackerSelectionScreen */ = {
			isa = PBXGroup;
			children = (
				F6CDCE842A3334A9003E9F05 /* View */,
			);
			path = TrackerSelectionScreen;
			sourceTree = "<group>";
		};
		F6CDCE842A3334A9003E9F05 /* View */ = {
			isa = PBXGroup;
			children = (
				F60C5BB02A49CF6400F3B705 /* TrackerSelectionScreenController.swift */,
			);
			path = View;
			sourceTree = "<group>";
		};
		F6FA0BE12A1B842C00E85451 = {
			isa = PBXGroup;
			children = (
				F6FA0BEC2A1B842C00E85451 /* Tracker */,
				F6FA0BEB2A1B842C00E85451 /* Products */,
			);
			sourceTree = "<group>";
		};
		F6FA0BEB2A1B842C00E85451 /* Products */ = {
			isa = PBXGroup;
			children = (
				F6FA0BEA2A1B842C00E85451 /* Tracker.app */,
			);
			name = Products;
			sourceTree = "<group>";
		};
		F6FA0BEC2A1B842C00E85451 /* Tracker */ = {
			isa = PBXGroup;
			children = (
				F6CDCE5B2A3088DC003E9F05 /* Screens */,
				F613619D2A2108E300B0EA3B /* Aux */,
				F61361852A1E28D600B0EA3B /* Models */,
				F61361812A1E230900B0EA3B /* Resources */,
				F6FA0BED2A1B842C00E85451 /* AppDelegate.swift */,
				F6FA0BEF2A1B842C00E85451 /* SceneDelegate.swift */,
				F6FA0BFB2A1B842D00E85451 /* Info.plist */,
			);
			path = Tracker;
			sourceTree = "<group>";
		};
/* End PBXGroup section */

/* Begin PBXNativeTarget section */
		F6FA0BE92A1B842C00E85451 /* Tracker */ = {
			isa = PBXNativeTarget;
			buildConfigurationList = F6FA0BFE2A1B842D00E85451 /* Build configuration list for PBXNativeTarget "Tracker" */;
			buildPhases = (
				F6FA0BE62A1B842C00E85451 /* Sources */,
				F6FA0BE72A1B842C00E85451 /* Frameworks */,
				F6FA0BE82A1B842C00E85451 /* Resources */,
			);
			buildRules = (
			);
			dependencies = (
			);
			name = Tracker;
			productName = Tracker;
			productReference = F6FA0BEA2A1B842C00E85451 /* Tracker.app */;
			productType = "com.apple.product-type.application";
		};
/* End PBXNativeTarget section */

/* Begin PBXProject section */
		F6FA0BE22A1B842C00E85451 /* Project object */ = {
			isa = PBXProject;
			attributes = {
				BuildIndependentTargetsInParallel = 1;
				LastSwiftUpdateCheck = 1430;
				LastUpgradeCheck = 1430;
				TargetAttributes = {
					F6FA0BE92A1B842C00E85451 = {
						CreatedOnToolsVersion = 14.3;
					};
				};
			};
			buildConfigurationList = F6FA0BE52A1B842C00E85451 /* Build configuration list for PBXProject "Tracker" */;
			compatibilityVersion = "Xcode 14.0";
			developmentRegion = en;
			hasScannedForEncodings = 0;
			knownRegions = (
				en,
				Base,
			);
			mainGroup = F6FA0BE12A1B842C00E85451;
			productRefGroup = F6FA0BEB2A1B842C00E85451 /* Products */;
			projectDirPath = "";
			projectRoot = "";
			targets = (
				F6FA0BE92A1B842C00E85451 /* Tracker */,
			);
		};
/* End PBXProject section */

/* Begin PBXResourcesBuildPhase section */
		F6FA0BE82A1B842C00E85451 /* Resources */ = {
			isa = PBXResourcesBuildPhase;
			buildActionMask = 2147483647;
			files = (
				F6FA0BF72A1B842D00E85451 /* Assets.xcassets in Resources */,
			);
			runOnlyForDeploymentPostprocessing = 0;
		};
/* End PBXResourcesBuildPhase section */

/* Begin PBXSourcesBuildPhase section */
		F6FA0BE62A1B842C00E85451 /* Sources */ = {
			isa = PBXSourcesBuildPhase;
			buildActionMask = 2147483647;
			files = (
				F61361892A1E294000B0EA3B /* WeekDay.swift in Sources */,
				F64E12852A3CAFE80053AF65 /* TrackerCategoryScreenPresenter.swift in Sources */,
				F64E126E2A3C7C330053AF65 /* DaySelectionCell.swift in Sources */,
				F64E12742A3C8B3D0053AF65 /* ScheduleConfigurationScreenController.swift in Sources */,
				F60C5BAF2A49C81700F3B705 /* CategoryCreationScreenController.swift in Sources */,
				F64E12832A3CAC330053AF65 /* TrackerCategoryScreenView.swift in Sources */,
				F6CDCE672A30901D003E9F05 /* UserDefaultsAccessor.swift in Sources */,
				F6FA0BEE2A1B842C00E85451 /* AppDelegate.swift in Sources */,
				F6CDCE7B2A31E656003E9F05 /* TrackersScreenView.swift in Sources */,
				F64E12812A3CAA820053AF65 /* CategorySelectionCell.swift in Sources */,
				F60C5BB12A49CF6400F3B705 /* TrackerSelectionScreenController.swift in Sources */,
				F60C5BA92A49B55C00F3B705 /* OnboardingScreenViewModel.swift in Sources */,
				F64E12622A39E7AA0053AF65 /* ColorCellView.swift in Sources */,
				F60C5BAB2A49B62B00F3B705 /* OnboardingPageController.swift in Sources */,
				F64E12722A3C8B1F0053AF65 /* ScheduleConfigurationScreenPresenter.swift in Sources */,
				F64E12702A3C7DA90053AF65 /* ScheduleConfigurationScreenView.swift in Sources */,
				F60C5BA62A49B10F00F3B705 /* LaunchScreenViewModel.swift in Sources */,
				F64E12A12A4350E70053AF65 /* Observable.swift in Sources */,
				F6CDCE7E2A3329A3003E9F05 /* StyledScreenController.swift in Sources */,
				F6CDCE792A31E62B003E9F05 /* TrackersScreenPresenter.swift in Sources */,
				F60C5BAD2A49B6D500F3B705 /* OnboardingScreenController.swift in Sources */,
				F64E128A2A4064DA0053AF65 /* TrackerRecordStore.swift in Sources */,
				F613618D2A1E2CF600B0EA3B /* TrackerRecord.swift in Sources */,
				F64E12932A4086370053AF65 /* AppTabBarController.swift in Sources */,
				F6CDCE8E2A334D97003E9F05 /* TrackerScreenHeaderView.swift in Sources */,
				F6CDCE772A31E61E003E9F05 /* TrackersScreenController.swift in Sources */,
				F64E12882A40636D0053AF65 /* CoreDataManager.swift in Sources */,
				F61361992A1E47C400B0EA3B /* Date+Extension.swift in Sources */,
				F64E128D2A4066A60053AF65 /* TrackerDb.xcdatamodeld in Sources */,
				F613618F2A1E2D1500B0EA3B /* TrackerCategory.swift in Sources */,
				F6FA0BF02A1B842C00E85451 /* SceneDelegate.swift in Sources */,
				F6CDCE802A33310D003E9F05 /* NavigationController.swift in Sources */,
				F64E12642A39E7BA0053AF65 /* HabitCreationScreenView.swift in Sources */,
				F6CDCE8C2A3345BD003E9F05 /* TrackerCollectionCell.swift in Sources */,
				F64E128F2A4070B60053AF65 /* TrackerCategoryStore.swift in Sources */,
				F6CDCE902A335A66003E9F05 /* Converters.swift in Sources */,
				F64E12662A39E7D70053AF65 /* HabitCreationScreenController.swift in Sources */,
				F64E125C2A39E7870053AF65 /* CategoryCellView.swift in Sources */,
				F613617C2A1CCDA300B0EA3B /* UIColor+Extension.swift in Sources */,
				F64E12602A39E79F0053AF65 /* EmojiCellView.swift in Sources */,
				F61361872A1E28EC00B0EA3B /* Tracker.swift in Sources */,
				F6CDCE632A308943003E9F05 /* LaunchScreenController.swift in Sources */,
				F64E125E2A39E7910053AF65 /* ScheduleCellView.swift in Sources */,
				F64E12912A407A470053AF65 /* TrackerCategoryScreenController.swift in Sources */,
				F64E12682A39E7E70053AF65 /* HabitCreationScreenPresenter.swift in Sources */,
			);
			runOnlyForDeploymentPostprocessing = 0;
		};
/* End PBXSourcesBuildPhase section */

/* Begin XCBuildConfiguration section */
		F6FA0BFC2A1B842D00E85451 /* Debug */ = {
			isa = XCBuildConfiguration;
			buildSettings = {
				ALWAYS_SEARCH_USER_PATHS = NO;
				CLANG_ANALYZER_NONNULL = YES;
				CLANG_ANALYZER_NUMBER_OBJECT_CONVERSION = YES_AGGRESSIVE;
				CLANG_CXX_LANGUAGE_STANDARD = "gnu++20";
				CLANG_ENABLE_MODULES = YES;
				CLANG_ENABLE_OBJC_ARC = YES;
				CLANG_ENABLE_OBJC_WEAK = YES;
				CLANG_WARN_BLOCK_CAPTURE_AUTORELEASING = YES;
				CLANG_WARN_BOOL_CONVERSION = YES;
				CLANG_WARN_COMMA = YES;
				CLANG_WARN_CONSTANT_CONVERSION = YES;
				CLANG_WARN_DEPRECATED_OBJC_IMPLEMENTATIONS = YES;
				CLANG_WARN_DIRECT_OBJC_ISA_USAGE = YES_ERROR;
				CLANG_WARN_DOCUMENTATION_COMMENTS = YES;
				CLANG_WARN_EMPTY_BODY = YES;
				CLANG_WARN_ENUM_CONVERSION = YES;
				CLANG_WARN_INFINITE_RECURSION = YES;
				CLANG_WARN_INT_CONVERSION = YES;
				CLANG_WARN_NON_LITERAL_NULL_CONVERSION = YES;
				CLANG_WARN_OBJC_IMPLICIT_RETAIN_SELF = YES;
				CLANG_WARN_OBJC_LITERAL_CONVERSION = YES;
				CLANG_WARN_OBJC_ROOT_CLASS = YES_ERROR;
				CLANG_WARN_QUOTED_INCLUDE_IN_FRAMEWORK_HEADER = YES;
				CLANG_WARN_RANGE_LOOP_ANALYSIS = YES;
				CLANG_WARN_STRICT_PROTOTYPES = YES;
				CLANG_WARN_SUSPICIOUS_MOVE = YES;
				CLANG_WARN_UNGUARDED_AVAILABILITY = YES_AGGRESSIVE;
				CLANG_WARN_UNREACHABLE_CODE = YES;
				CLANG_WARN__DUPLICATE_METHOD_MATCH = YES;
				COPY_PHASE_STRIP = NO;
				DEBUG_INFORMATION_FORMAT = dwarf;
				ENABLE_STRICT_OBJC_MSGSEND = YES;
				ENABLE_TESTABILITY = YES;
				GCC_C_LANGUAGE_STANDARD = gnu11;
				GCC_DYNAMIC_NO_PIC = NO;
				GCC_NO_COMMON_BLOCKS = YES;
				GCC_OPTIMIZATION_LEVEL = 0;
				GCC_PREPROCESSOR_DEFINITIONS = (
					"DEBUG=1",
					"$(inherited)",
				);
				GCC_WARN_64_TO_32_BIT_CONVERSION = YES;
				GCC_WARN_ABOUT_RETURN_TYPE = YES_ERROR;
				GCC_WARN_UNDECLARED_SELECTOR = YES;
				GCC_WARN_UNINITIALIZED_AUTOS = YES_AGGRESSIVE;
				GCC_WARN_UNUSED_FUNCTION = YES;
				GCC_WARN_UNUSED_VARIABLE = YES;
				IPHONEOS_DEPLOYMENT_TARGET = 16.4;
				MTL_ENABLE_DEBUG_INFO = INCLUDE_SOURCE;
				MTL_FAST_MATH = YES;
				ONLY_ACTIVE_ARCH = YES;
				SDKROOT = iphoneos;
				SWIFT_ACTIVE_COMPILATION_CONDITIONS = DEBUG;
				SWIFT_OPTIMIZATION_LEVEL = "-Onone";
			};
			name = Debug;
		};
		F6FA0BFD2A1B842D00E85451 /* Release */ = {
			isa = XCBuildConfiguration;
			buildSettings = {
				ALWAYS_SEARCH_USER_PATHS = NO;
				CLANG_ANALYZER_NONNULL = YES;
				CLANG_ANALYZER_NUMBER_OBJECT_CONVERSION = YES_AGGRESSIVE;
				CLANG_CXX_LANGUAGE_STANDARD = "gnu++20";
				CLANG_ENABLE_MODULES = YES;
				CLANG_ENABLE_OBJC_ARC = YES;
				CLANG_ENABLE_OBJC_WEAK = YES;
				CLANG_WARN_BLOCK_CAPTURE_AUTORELEASING = YES;
				CLANG_WARN_BOOL_CONVERSION = YES;
				CLANG_WARN_COMMA = YES;
				CLANG_WARN_CONSTANT_CONVERSION = YES;
				CLANG_WARN_DEPRECATED_OBJC_IMPLEMENTATIONS = YES;
				CLANG_WARN_DIRECT_OBJC_ISA_USAGE = YES_ERROR;
				CLANG_WARN_DOCUMENTATION_COMMENTS = YES;
				CLANG_WARN_EMPTY_BODY = YES;
				CLANG_WARN_ENUM_CONVERSION = YES;
				CLANG_WARN_INFINITE_RECURSION = YES;
				CLANG_WARN_INT_CONVERSION = YES;
				CLANG_WARN_NON_LITERAL_NULL_CONVERSION = YES;
				CLANG_WARN_OBJC_IMPLICIT_RETAIN_SELF = YES;
				CLANG_WARN_OBJC_LITERAL_CONVERSION = YES;
				CLANG_WARN_OBJC_ROOT_CLASS = YES_ERROR;
				CLANG_WARN_QUOTED_INCLUDE_IN_FRAMEWORK_HEADER = YES;
				CLANG_WARN_RANGE_LOOP_ANALYSIS = YES;
				CLANG_WARN_STRICT_PROTOTYPES = YES;
				CLANG_WARN_SUSPICIOUS_MOVE = YES;
				CLANG_WARN_UNGUARDED_AVAILABILITY = YES_AGGRESSIVE;
				CLANG_WARN_UNREACHABLE_CODE = YES;
				CLANG_WARN__DUPLICATE_METHOD_MATCH = YES;
				COPY_PHASE_STRIP = NO;
				DEBUG_INFORMATION_FORMAT = "dwarf-with-dsym";
				ENABLE_NS_ASSERTIONS = NO;
				ENABLE_STRICT_OBJC_MSGSEND = YES;
				GCC_C_LANGUAGE_STANDARD = gnu11;
				GCC_NO_COMMON_BLOCKS = YES;
				GCC_WARN_64_TO_32_BIT_CONVERSION = YES;
				GCC_WARN_ABOUT_RETURN_TYPE = YES_ERROR;
				GCC_WARN_UNDECLARED_SELECTOR = YES;
				GCC_WARN_UNINITIALIZED_AUTOS = YES_AGGRESSIVE;
				GCC_WARN_UNUSED_FUNCTION = YES;
				GCC_WARN_UNUSED_VARIABLE = YES;
				IPHONEOS_DEPLOYMENT_TARGET = 16.4;
				MTL_ENABLE_DEBUG_INFO = NO;
				MTL_FAST_MATH = YES;
				SDKROOT = iphoneos;
				SWIFT_COMPILATION_MODE = wholemodule;
				SWIFT_OPTIMIZATION_LEVEL = "-O";
				VALIDATE_PRODUCT = YES;
			};
			name = Release;
		};
		F6FA0BFF2A1B842D00E85451 /* Debug */ = {
			isa = XCBuildConfiguration;
			buildSettings = {
				ASSETCATALOG_COMPILER_APPICON_NAME = AppIcon;
				ASSETCATALOG_COMPILER_GLOBAL_ACCENT_COLOR_NAME = AccentColor;
				CODE_SIGN_STYLE = Automatic;
				CURRENT_PROJECT_VERSION = 1;
				DEVELOPMENT_TEAM = 43BA3A7UV4;
				GENERATE_INFOPLIST_FILE = YES;
				INFOPLIST_FILE = Tracker/Info.plist;
				INFOPLIST_KEY_UIApplicationSupportsIndirectInputEvents = YES;
				INFOPLIST_KEY_UILaunchStoryboardName = "";
				INFOPLIST_KEY_UISupportedInterfaceOrientations = UIInterfaceOrientationPortrait;
				INFOPLIST_KEY_UISupportedInterfaceOrientations_iPad = "UIInterfaceOrientationLandscapeLeft UIInterfaceOrientationLandscapeRight UIInterfaceOrientationPortrait UIInterfaceOrientationPortraitUpsideDown";
				IPHONEOS_DEPLOYMENT_TARGET = 13.4;
				LD_RUNPATH_SEARCH_PATHS = (
					"$(inherited)",
					"@executable_path/Frameworks",
				);
				MARKETING_VERSION = 1.0;
				PRODUCT_BUNDLE_IDENTIFIER = ru.dmitry.nikishov.Tracker;
				PRODUCT_NAME = "$(TARGET_NAME)";
				SUPPORTED_PLATFORMS = "iphoneos iphonesimulator";
				SUPPORTS_MACCATALYST = NO;
				SUPPORTS_MAC_DESIGNED_FOR_IPHONE_IPAD = NO;
				SWIFT_EMIT_LOC_STRINGS = YES;
				SWIFT_VERSION = 5.0;
				TARGETED_DEVICE_FAMILY = 1;
			};
			name = Debug;
		};
		F6FA0C002A1B842D00E85451 /* Release */ = {
			isa = XCBuildConfiguration;
			buildSettings = {
				ASSETCATALOG_COMPILER_APPICON_NAME = AppIcon;
				ASSETCATALOG_COMPILER_GLOBAL_ACCENT_COLOR_NAME = AccentColor;
				CODE_SIGN_STYLE = Automatic;
				CURRENT_PROJECT_VERSION = 1;
				DEVELOPMENT_TEAM = 43BA3A7UV4;
				GENERATE_INFOPLIST_FILE = YES;
				INFOPLIST_FILE = Tracker/Info.plist;
				INFOPLIST_KEY_UIApplicationSupportsIndirectInputEvents = YES;
				INFOPLIST_KEY_UILaunchStoryboardName = "";
				INFOPLIST_KEY_UISupportedInterfaceOrientations = UIInterfaceOrientationPortrait;
				INFOPLIST_KEY_UISupportedInterfaceOrientations_iPad = "UIInterfaceOrientationLandscapeLeft UIInterfaceOrientationLandscapeRight UIInterfaceOrientationPortrait UIInterfaceOrientationPortraitUpsideDown";
				IPHONEOS_DEPLOYMENT_TARGET = 13.4;
				LD_RUNPATH_SEARCH_PATHS = (
					"$(inherited)",
					"@executable_path/Frameworks",
				);
				MARKETING_VERSION = 1.0;
				PRODUCT_BUNDLE_IDENTIFIER = ru.dmitry.nikishov.Tracker;
				PRODUCT_NAME = "$(TARGET_NAME)";
				SUPPORTED_PLATFORMS = "iphoneos iphonesimulator";
				SUPPORTS_MACCATALYST = NO;
				SUPPORTS_MAC_DESIGNED_FOR_IPHONE_IPAD = NO;
				SWIFT_EMIT_LOC_STRINGS = YES;
				SWIFT_VERSION = 5.0;
				TARGETED_DEVICE_FAMILY = 1;
			};
			name = Release;
		};
/* End XCBuildConfiguration section */

/* Begin XCConfigurationList section */
		F6FA0BE52A1B842C00E85451 /* Build configuration list for PBXProject "Tracker" */ = {
			isa = XCConfigurationList;
			buildConfigurations = (
				F6FA0BFC2A1B842D00E85451 /* Debug */,
				F6FA0BFD2A1B842D00E85451 /* Release */,
			);
			defaultConfigurationIsVisible = 0;
			defaultConfigurationName = Release;
		};
		F6FA0BFE2A1B842D00E85451 /* Build configuration list for PBXNativeTarget "Tracker" */ = {
			isa = XCConfigurationList;
			buildConfigurations = (
				F6FA0BFF2A1B842D00E85451 /* Debug */,
				F6FA0C002A1B842D00E85451 /* Release */,
			);
			defaultConfigurationIsVisible = 0;
			defaultConfigurationName = Release;
		};
/* End XCConfigurationList section */

/* Begin XCVersionGroup section */
		F64E128B2A4066A60053AF65 /* TrackerDb.xcdatamodeld */ = {
			isa = XCVersionGroup;
			children = (
				F64E128C2A4066A60053AF65 /* TrackerDb.xcdatamodel */,
			);
			currentVersion = F64E128C2A4066A60053AF65 /* TrackerDb.xcdatamodel */;
			path = TrackerDb.xcdatamodeld;
			sourceTree = "<group>";
			versionGroupType = wrapper.xcdatamodel;
		};
/* End XCVersionGroup section */
	};
	rootObject = F6FA0BE22A1B842C00E85451 /* Project object */;
}
