// !$*UTF8*$!
{
	archiveVersion = 1;
	classes = {
	};
	objectVersion = 56;
	objects = {

/* Begin PBXBuildFile section */
		F61361792A1CCBE600B0EA3B /* AppMainTabBarController.swift in Sources */ = {isa = PBXBuildFile; fileRef = F61361782A1CCBE600B0EA3B /* AppMainTabBarController.swift */; };
		F613617C2A1CCDA300B0EA3B /* UIColor+Extension.swift in Sources */ = {isa = PBXBuildFile; fileRef = F613617B2A1CCDA300B0EA3B /* UIColor+Extension.swift */; };
		F613617E2A1CD00000B0EA3B /* StatisticViewController.swift in Sources */ = {isa = PBXBuildFile; fileRef = F613617D2A1CD00000B0EA3B /* StatisticViewController.swift */; };
		F61361802A1CD0F800B0EA3B /* TrackersViewController.swift in Sources */ = {isa = PBXBuildFile; fileRef = F613617F2A1CD0F800B0EA3B /* TrackersViewController.swift */; };
		F61361842A1E236F00B0EA3B /* TrackerCollectionViewCell.swift in Sources */ = {isa = PBXBuildFile; fileRef = F61361832A1E236F00B0EA3B /* TrackerCollectionViewCell.swift */; };
		F61361872A1E28EC00B0EA3B /* Tracker.swift in Sources */ = {isa = PBXBuildFile; fileRef = F61361862A1E28EC00B0EA3B /* Tracker.swift */; };
		F61361892A1E294000B0EA3B /* WeekDay.swift in Sources */ = {isa = PBXBuildFile; fileRef = F61361882A1E294000B0EA3B /* WeekDay.swift */; };
		F613618B2A1E2AAF00B0EA3B /* TrackerHeaderCollectionView.swift in Sources */ = {isa = PBXBuildFile; fileRef = F613618A2A1E2AAF00B0EA3B /* TrackerHeaderCollectionView.swift */; };
		F613618D2A1E2CF600B0EA3B /* TrackerRecord.swift in Sources */ = {isa = PBXBuildFile; fileRef = F613618C2A1E2CF600B0EA3B /* TrackerRecord.swift */; };
		F613618F2A1E2D1500B0EA3B /* TrackerCategory.swift in Sources */ = {isa = PBXBuildFile; fileRef = F613618E2A1E2D1500B0EA3B /* TrackerCategory.swift */; };
		F61361912A1E32A500B0EA3B /* NewTrackerTypeController.swift in Sources */ = {isa = PBXBuildFile; fileRef = F61361902A1E32A500B0EA3B /* NewTrackerTypeController.swift */; };
		F61361932A1E338800B0EA3B /* NewTrackerViewController.swift in Sources */ = {isa = PBXBuildFile; fileRef = F61361922A1E338800B0EA3B /* NewTrackerViewController.swift */; };
		F61361952A1E3B4500B0EA3B /* TrackerType.swift in Sources */ = {isa = PBXBuildFile; fileRef = F61361942A1E3B4500B0EA3B /* TrackerType.swift */; };
		F61361972A1E3CCA00B0EA3B /* ScheduleViewController.swift in Sources */ = {isa = PBXBuildFile; fileRef = F61361962A1E3CCA00B0EA3B /* ScheduleViewController.swift */; };
		F61361992A1E47C400B0EA3B /* Date+Extension.swift in Sources */ = {isa = PBXBuildFile; fileRef = F61361982A1E47C400B0EA3B /* Date+Extension.swift */; };
		F613619C2A21025000B0EA3B /* TrackerCategoryAddable.swift in Sources */ = {isa = PBXBuildFile; fileRef = F613619B2A21025000B0EA3B /* TrackerCategoryAddable.swift */; };
		F613619F2A21090500B0EA3B /* TrackerCategoryManipulator.swift in Sources */ = {isa = PBXBuildFile; fileRef = F613619E2A21090500B0EA3B /* TrackerCategoryManipulator.swift */; };
		F6FA0BEE2A1B842C00E85451 /* AppDelegate.swift in Sources */ = {isa = PBXBuildFile; fileRef = F6FA0BED2A1B842C00E85451 /* AppDelegate.swift */; };
		F6FA0BF02A1B842C00E85451 /* SceneDelegate.swift in Sources */ = {isa = PBXBuildFile; fileRef = F6FA0BEF2A1B842C00E85451 /* SceneDelegate.swift */; };
		F6FA0BF72A1B842D00E85451 /* Assets.xcassets in Resources */ = {isa = PBXBuildFile; fileRef = F6FA0BF62A1B842D00E85451 /* Assets.xcassets */; };
		F6FA0BFA2A1B842D00E85451 /* LaunchScreen.storyboard in Resources */ = {isa = PBXBuildFile; fileRef = F6FA0BF82A1B842D00E85451 /* LaunchScreen.storyboard */; };
/* End PBXBuildFile section */

/* Begin PBXFileReference section */
		F61361782A1CCBE600B0EA3B /* AppMainTabBarController.swift */ = {isa = PBXFileReference; lastKnownFileType = sourcecode.swift; path = AppMainTabBarController.swift; sourceTree = "<group>"; };
		F613617B2A1CCDA300B0EA3B /* UIColor+Extension.swift */ = {isa = PBXFileReference; lastKnownFileType = sourcecode.swift; path = "UIColor+Extension.swift"; sourceTree = "<group>"; };
		F613617D2A1CD00000B0EA3B /* StatisticViewController.swift */ = {isa = PBXFileReference; lastKnownFileType = sourcecode.swift; path = StatisticViewController.swift; sourceTree = "<group>"; };
		F613617F2A1CD0F800B0EA3B /* TrackersViewController.swift */ = {isa = PBXFileReference; lastKnownFileType = sourcecode.swift; path = TrackersViewController.swift; sourceTree = "<group>"; };
		F61361832A1E236F00B0EA3B /* TrackerCollectionViewCell.swift */ = {isa = PBXFileReference; lastKnownFileType = sourcecode.swift; path = TrackerCollectionViewCell.swift; sourceTree = "<group>"; };
		F61361862A1E28EC00B0EA3B /* Tracker.swift */ = {isa = PBXFileReference; lastKnownFileType = sourcecode.swift; path = Tracker.swift; sourceTree = "<group>"; };
		F61361882A1E294000B0EA3B /* WeekDay.swift */ = {isa = PBXFileReference; lastKnownFileType = sourcecode.swift; path = WeekDay.swift; sourceTree = "<group>"; };
		F613618A2A1E2AAF00B0EA3B /* TrackerHeaderCollectionView.swift */ = {isa = PBXFileReference; lastKnownFileType = sourcecode.swift; path = TrackerHeaderCollectionView.swift; sourceTree = "<group>"; };
		F613618C2A1E2CF600B0EA3B /* TrackerRecord.swift */ = {isa = PBXFileReference; lastKnownFileType = sourcecode.swift; path = TrackerRecord.swift; sourceTree = "<group>"; };
		F613618E2A1E2D1500B0EA3B /* TrackerCategory.swift */ = {isa = PBXFileReference; lastKnownFileType = sourcecode.swift; path = TrackerCategory.swift; sourceTree = "<group>"; };
		F61361902A1E32A500B0EA3B /* NewTrackerTypeController.swift */ = {isa = PBXFileReference; lastKnownFileType = sourcecode.swift; path = NewTrackerTypeController.swift; sourceTree = "<group>"; };
		F61361922A1E338800B0EA3B /* NewTrackerViewController.swift */ = {isa = PBXFileReference; lastKnownFileType = sourcecode.swift; path = NewTrackerViewController.swift; sourceTree = "<group>"; };
		F61361942A1E3B4500B0EA3B /* TrackerType.swift */ = {isa = PBXFileReference; lastKnownFileType = sourcecode.swift; path = TrackerType.swift; sourceTree = "<group>"; };
		F61361962A1E3CCA00B0EA3B /* ScheduleViewController.swift */ = {isa = PBXFileReference; lastKnownFileType = sourcecode.swift; path = ScheduleViewController.swift; sourceTree = "<group>"; };
		F61361982A1E47C400B0EA3B /* Date+Extension.swift */ = {isa = PBXFileReference; lastKnownFileType = sourcecode.swift; path = "Date+Extension.swift"; sourceTree = "<group>"; };
		F613619B2A21025000B0EA3B /* TrackerCategoryAddable.swift */ = {isa = PBXFileReference; lastKnownFileType = sourcecode.swift; path = TrackerCategoryAddable.swift; sourceTree = "<group>"; };
		F613619E2A21090500B0EA3B /* TrackerCategoryManipulator.swift */ = {isa = PBXFileReference; lastKnownFileType = sourcecode.swift; path = TrackerCategoryManipulator.swift; sourceTree = "<group>"; };
		F6FA0BEA2A1B842C00E85451 /* Tracker.app */ = {isa = PBXFileReference; explicitFileType = wrapper.application; includeInIndex = 0; path = Tracker.app; sourceTree = BUILT_PRODUCTS_DIR; };
		F6FA0BED2A1B842C00E85451 /* AppDelegate.swift */ = {isa = PBXFileReference; lastKnownFileType = sourcecode.swift; path = AppDelegate.swift; sourceTree = "<group>"; };
		F6FA0BEF2A1B842C00E85451 /* SceneDelegate.swift */ = {isa = PBXFileReference; lastKnownFileType = sourcecode.swift; path = SceneDelegate.swift; sourceTree = "<group>"; };
		F6FA0BF62A1B842D00E85451 /* Assets.xcassets */ = {isa = PBXFileReference; lastKnownFileType = folder.assetcatalog; path = Assets.xcassets; sourceTree = "<group>"; };
		F6FA0BF92A1B842D00E85451 /* Base */ = {isa = PBXFileReference; lastKnownFileType = file.storyboard; name = Base; path = Base.lproj/LaunchScreen.storyboard; sourceTree = "<group>"; };
		F6FA0BFB2A1B842D00E85451 /* Info.plist */ = {isa = PBXFileReference; lastKnownFileType = text.plist.xml; path = Info.plist; sourceTree = "<group>"; };
/* End PBXFileReference section */

/* Begin PBXFrameworksBuildPhase section */
		F6FA0BE72A1B842C00E85451 /* Frameworks */ = {
			isa = PBXFrameworksBuildPhase;
			buildActionMask = 2147483647;
			files = (
			);
			runOnlyForDeploymentPostprocessing = 0;
		};
/* End PBXFrameworksBuildPhase section */

/* Begin PBXGroup section */
		F61361772A1CCB9B00B0EA3B /* Controllers */ = {
			isa = PBXGroup;
			children = (
				F613619A2A21023900B0EA3B /* Common */,
				F61361782A1CCBE600B0EA3B /* AppMainTabBarController.swift */,
				F613617D2A1CD00000B0EA3B /* StatisticViewController.swift */,
				F613617F2A1CD0F800B0EA3B /* TrackersViewController.swift */,
				F61361902A1E32A500B0EA3B /* NewTrackerTypeController.swift */,
				F61361922A1E338800B0EA3B /* NewTrackerViewController.swift */,
				F61361962A1E3CCA00B0EA3B /* ScheduleViewController.swift */,
			);
			path = Controllers;
			sourceTree = "<group>";
		};
		F613617A2A1CCD8200B0EA3B /* Helpers */ = {
			isa = PBXGroup;
			children = (
				F613617B2A1CCDA300B0EA3B /* UIColor+Extension.swift */,
				F61361982A1E47C400B0EA3B /* Date+Extension.swift */,
			);
			path = Helpers;
			sourceTree = "<group>";
		};
		F61361812A1E230900B0EA3B /* Resources */ = {
			isa = PBXGroup;
			children = (
				F613617A2A1CCD8200B0EA3B /* Helpers */,
				F6FA0BF62A1B842D00E85451 /* Assets.xcassets */,
			);
			path = Resources;
			sourceTree = "<group>";
		};
		F61361822A1E235500B0EA3B /* Views */ = {
			isa = PBXGroup;
			children = (
				F61361832A1E236F00B0EA3B /* TrackerCollectionViewCell.swift */,
				F613618A2A1E2AAF00B0EA3B /* TrackerHeaderCollectionView.swift */,
			);
			path = Views;
			sourceTree = "<group>";
		};
		F61361852A1E28D600B0EA3B /* Models */ = {
			isa = PBXGroup;
			children = (
				F61361862A1E28EC00B0EA3B /* Tracker.swift */,
				F61361882A1E294000B0EA3B /* WeekDay.swift */,
				F613618C2A1E2CF600B0EA3B /* TrackerRecord.swift */,
				F613618E2A1E2D1500B0EA3B /* TrackerCategory.swift */,
				F61361942A1E3B4500B0EA3B /* TrackerType.swift */,
			);
			path = Models;
			sourceTree = "<group>";
		};
		F613619A2A21023900B0EA3B /* Common */ = {
			isa = PBXGroup;
			children = (
				F613619B2A21025000B0EA3B /* TrackerCategoryAddable.swift */,
			);
			path = Common;
			sourceTree = "<group>";
		};
		F613619D2A2108E300B0EA3B /* Aux */ = {
			isa = PBXGroup;
			children = (
				F613619E2A21090500B0EA3B /* TrackerCategoryManipulator.swift */,
			);
			path = Aux;
			sourceTree = "<group>";
		};
		F6FA0BE12A1B842C00E85451 = {
			isa = PBXGroup;
			children = (
				F6FA0BEC2A1B842C00E85451 /* Tracker */,
				F6FA0BEB2A1B842C00E85451 /* Products */,
			);
			sourceTree = "<group>";
		};
		F6FA0BEB2A1B842C00E85451 /* Products */ = {
			isa = PBXGroup;
			children = (
				F6FA0BEA2A1B842C00E85451 /* Tracker.app */,
			);
			name = Products;
			sourceTree = "<group>";
		};
		F6FA0BEC2A1B842C00E85451 /* Tracker */ = {
			isa = PBXGroup;
			children = (
				F613619D2A2108E300B0EA3B /* Aux */,
				F61361852A1E28D600B0EA3B /* Models */,
				F61361822A1E235500B0EA3B /* Views */,
				F61361812A1E230900B0EA3B /* Resources */,
				F61361772A1CCB9B00B0EA3B /* Controllers */,
				F6FA0BED2A1B842C00E85451 /* AppDelegate.swift */,
				F6FA0BEF2A1B842C00E85451 /* SceneDelegate.swift */,
				F6FA0BF82A1B842D00E85451 /* LaunchScreen.storyboard */,
				F6FA0BFB2A1B842D00E85451 /* Info.plist */,
			);
			path = Tracker;
			sourceTree = "<group>";
		};
/* End PBXGroup section */

/* Begin PBXNativeTarget section */
		F6FA0BE92A1B842C00E85451 /* Tracker */ = {
			isa = PBXNativeTarget;
			buildConfigurationList = F6FA0BFE2A1B842D00E85451 /* Build configuration list for PBXNativeTarget "Tracker" */;
			buildPhases = (
				F6FA0BE62A1B842C00E85451 /* Sources */,
				F6FA0BE72A1B842C00E85451 /* Frameworks */,
				F6FA0BE82A1B842C00E85451 /* Resources */,
			);
			buildRules = (
			);
			dependencies = (
			);
			name = Tracker;
			productName = Tracker;
			productReference = F6FA0BEA2A1B842C00E85451 /* Tracker.app */;
			productType = "com.apple.product-type.application";
		};
/* End PBXNativeTarget section */

/* Begin PBXProject section */
		F6FA0BE22A1B842C00E85451 /* Project object */ = {
			isa = PBXProject;
			attributes = {
				BuildIndependentTargetsInParallel = 1;
				LastSwiftUpdateCheck = 1430;
				LastUpgradeCheck = 1430;
				TargetAttributes = {
					F6FA0BE92A1B842C00E85451 = {
						CreatedOnToolsVersion = 14.3;
					};
				};
			};
			buildConfigurationList = F6FA0BE52A1B842C00E85451 /* Build configuration list for PBXProject "Tracker" */;
			compatibilityVersion = "Xcode 14.0";
			developmentRegion = en;
			hasScannedForEncodings = 0;
			knownRegions = (
				en,
				Base,
			);
			mainGroup = F6FA0BE12A1B842C00E85451;
			productRefGroup = F6FA0BEB2A1B842C00E85451 /* Products */;
			projectDirPath = "";
			projectRoot = "";
			targets = (
				F6FA0BE92A1B842C00E85451 /* Tracker */,
			);
		};
/* End PBXProject section */

/* Begin PBXResourcesBuildPhase section */
		F6FA0BE82A1B842C00E85451 /* Resources */ = {
			isa = PBXResourcesBuildPhase;
			buildActionMask = 2147483647;
			files = (
				F6FA0BFA2A1B842D00E85451 /* LaunchScreen.storyboard in Resources */,
				F6FA0BF72A1B842D00E85451 /* Assets.xcassets in Resources */,
			);
			runOnlyForDeploymentPostprocessing = 0;
		};
/* End PBXResourcesBuildPhase section */

/* Begin PBXSourcesBuildPhase section */
		F6FA0BE62A1B842C00E85451 /* Sources */ = {
			isa = PBXSourcesBuildPhase;
			buildActionMask = 2147483647;
			files = (
				F61361892A1E294000B0EA3B /* WeekDay.swift in Sources */,
				F6FA0BEE2A1B842C00E85451 /* AppDelegate.swift in Sources */,
				F613619C2A21025000B0EA3B /* TrackerCategoryAddable.swift in Sources */,
				F61361952A1E3B4500B0EA3B /* TrackerType.swift in Sources */,
				F61361972A1E3CCA00B0EA3B /* ScheduleViewController.swift in Sources */,
				F61361932A1E338800B0EA3B /* NewTrackerViewController.swift in Sources */,
				F61361802A1CD0F800B0EA3B /* TrackersViewController.swift in Sources */,
				F613618D2A1E2CF600B0EA3B /* TrackerRecord.swift in Sources */,
				F613619F2A21090500B0EA3B /* TrackerCategoryManipulator.swift in Sources */,
				F61361792A1CCBE600B0EA3B /* AppMainTabBarController.swift in Sources */,
				F613617E2A1CD00000B0EA3B /* StatisticViewController.swift in Sources */,
				F61361992A1E47C400B0EA3B /* Date+Extension.swift in Sources */,
				F613618F2A1E2D1500B0EA3B /* TrackerCategory.swift in Sources */,
				F6FA0BF02A1B842C00E85451 /* SceneDelegate.swift in Sources */,
				F61361842A1E236F00B0EA3B /* TrackerCollectionViewCell.swift in Sources */,
				F613617C2A1CCDA300B0EA3B /* UIColor+Extension.swift in Sources */,
				F61361872A1E28EC00B0EA3B /* Tracker.swift in Sources */,
				F61361912A1E32A500B0EA3B /* NewTrackerTypeController.swift in Sources */,
				F613618B2A1E2AAF00B0EA3B /* TrackerHeaderCollectionView.swift in Sources */,
			);
			runOnlyForDeploymentPostprocessing = 0;
		};
/* End PBXSourcesBuildPhase section */

/* Begin PBXVariantGroup section */
		F6FA0BF82A1B842D00E85451 /* LaunchScreen.storyboard */ = {
			isa = PBXVariantGroup;
			children = (
				F6FA0BF92A1B842D00E85451 /* Base */,
			);
			name = LaunchScreen.storyboard;
			sourceTree = "<group>";
		};
/* End PBXVariantGroup section */

/* Begin XCBuildConfiguration section */
		F6FA0BFC2A1B842D00E85451 /* Debug */ = {
			isa = XCBuildConfiguration;
			buildSettings = {
				ALWAYS_SEARCH_USER_PATHS = NO;
				CLANG_ANALYZER_NONNULL = YES;
				CLANG_ANALYZER_NUMBER_OBJECT_CONVERSION = YES_AGGRESSIVE;
				CLANG_CXX_LANGUAGE_STANDARD = "gnu++20";
				CLANG_ENABLE_MODULES = YES;
				CLANG_ENABLE_OBJC_ARC = YES;
				CLANG_ENABLE_OBJC_WEAK = YES;
				CLANG_WARN_BLOCK_CAPTURE_AUTORELEASING = YES;
				CLANG_WARN_BOOL_CONVERSION = YES;
				CLANG_WARN_COMMA = YES;
				CLANG_WARN_CONSTANT_CONVERSION = YES;
				CLANG_WARN_DEPRECATED_OBJC_IMPLEMENTATIONS = YES;
				CLANG_WARN_DIRECT_OBJC_ISA_USAGE = YES_ERROR;
				CLANG_WARN_DOCUMENTATION_COMMENTS = YES;
				CLANG_WARN_EMPTY_BODY = YES;
				CLANG_WARN_ENUM_CONVERSION = YES;
				CLANG_WARN_INFINITE_RECURSION = YES;
				CLANG_WARN_INT_CONVERSION = YES;
				CLANG_WARN_NON_LITERAL_NULL_CONVERSION = YES;
				CLANG_WARN_OBJC_IMPLICIT_RETAIN_SELF = YES;
				CLANG_WARN_OBJC_LITERAL_CONVERSION = YES;
				CLANG_WARN_OBJC_ROOT_CLASS = YES_ERROR;
				CLANG_WARN_QUOTED_INCLUDE_IN_FRAMEWORK_HEADER = YES;
				CLANG_WARN_RANGE_LOOP_ANALYSIS = YES;
				CLANG_WARN_STRICT_PROTOTYPES = YES;
				CLANG_WARN_SUSPICIOUS_MOVE = YES;
				CLANG_WARN_UNGUARDED_AVAILABILITY = YES_AGGRESSIVE;
				CLANG_WARN_UNREACHABLE_CODE = YES;
				CLANG_WARN__DUPLICATE_METHOD_MATCH = YES;
				COPY_PHASE_STRIP = NO;
				DEBUG_INFORMATION_FORMAT = dwarf;
				ENABLE_STRICT_OBJC_MSGSEND = YES;
				ENABLE_TESTABILITY = YES;
				GCC_C_LANGUAGE_STANDARD = gnu11;
				GCC_DYNAMIC_NO_PIC = NO;
				GCC_NO_COMMON_BLOCKS = YES;
				GCC_OPTIMIZATION_LEVEL = 0;
				GCC_PREPROCESSOR_DEFINITIONS = (
					"DEBUG=1",
					"$(inherited)",
				);
				GCC_WARN_64_TO_32_BIT_CONVERSION = YES;
				GCC_WARN_ABOUT_RETURN_TYPE = YES_ERROR;
				GCC_WARN_UNDECLARED_SELECTOR = YES;
				GCC_WARN_UNINITIALIZED_AUTOS = YES_AGGRESSIVE;
				GCC_WARN_UNUSED_FUNCTION = YES;
				GCC_WARN_UNUSED_VARIABLE = YES;
				IPHONEOS_DEPLOYMENT_TARGET = 16.4;
				MTL_ENABLE_DEBUG_INFO = INCLUDE_SOURCE;
				MTL_FAST_MATH = YES;
				ONLY_ACTIVE_ARCH = YES;
				SDKROOT = iphoneos;
				SWIFT_ACTIVE_COMPILATION_CONDITIONS = DEBUG;
				SWIFT_OPTIMIZATION_LEVEL = "-Onone";
			};
			name = Debug;
		};
		F6FA0BFD2A1B842D00E85451 /* Release */ = {
			isa = XCBuildConfiguration;
			buildSettings = {
				ALWAYS_SEARCH_USER_PATHS = NO;
				CLANG_ANALYZER_NONNULL = YES;
				CLANG_ANALYZER_NUMBER_OBJECT_CONVERSION = YES_AGGRESSIVE;
				CLANG_CXX_LANGUAGE_STANDARD = "gnu++20";
				CLANG_ENABLE_MODULES = YES;
				CLANG_ENABLE_OBJC_ARC = YES;
				CLANG_ENABLE_OBJC_WEAK = YES;
				CLANG_WARN_BLOCK_CAPTURE_AUTORELEASING = YES;
				CLANG_WARN_BOOL_CONVERSION = YES;
				CLANG_WARN_COMMA = YES;
				CLANG_WARN_CONSTANT_CONVERSION = YES;
				CLANG_WARN_DEPRECATED_OBJC_IMPLEMENTATIONS = YES;
				CLANG_WARN_DIRECT_OBJC_ISA_USAGE = YES_ERROR;
				CLANG_WARN_DOCUMENTATION_COMMENTS = YES;
				CLANG_WARN_EMPTY_BODY = YES;
				CLANG_WARN_ENUM_CONVERSION = YES;
				CLANG_WARN_INFINITE_RECURSION = YES;
				CLANG_WARN_INT_CONVERSION = YES;
				CLANG_WARN_NON_LITERAL_NULL_CONVERSION = YES;
				CLANG_WARN_OBJC_IMPLICIT_RETAIN_SELF = YES;
				CLANG_WARN_OBJC_LITERAL_CONVERSION = YES;
				CLANG_WARN_OBJC_ROOT_CLASS = YES_ERROR;
				CLANG_WARN_QUOTED_INCLUDE_IN_FRAMEWORK_HEADER = YES;
				CLANG_WARN_RANGE_LOOP_ANALYSIS = YES;
				CLANG_WARN_STRICT_PROTOTYPES = YES;
				CLANG_WARN_SUSPICIOUS_MOVE = YES;
				CLANG_WARN_UNGUARDED_AVAILABILITY = YES_AGGRESSIVE;
				CLANG_WARN_UNREACHABLE_CODE = YES;
				CLANG_WARN__DUPLICATE_METHOD_MATCH = YES;
				COPY_PHASE_STRIP = NO;
				DEBUG_INFORMATION_FORMAT = "dwarf-with-dsym";
				ENABLE_NS_ASSERTIONS = NO;
				ENABLE_STRICT_OBJC_MSGSEND = YES;
				GCC_C_LANGUAGE_STANDARD = gnu11;
				GCC_NO_COMMON_BLOCKS = YES;
				GCC_WARN_64_TO_32_BIT_CONVERSION = YES;
				GCC_WARN_ABOUT_RETURN_TYPE = YES_ERROR;
				GCC_WARN_UNDECLARED_SELECTOR = YES;
				GCC_WARN_UNINITIALIZED_AUTOS = YES_AGGRESSIVE;
				GCC_WARN_UNUSED_FUNCTION = YES;
				GCC_WARN_UNUSED_VARIABLE = YES;
				IPHONEOS_DEPLOYMENT_TARGET = 16.4;
				MTL_ENABLE_DEBUG_INFO = NO;
				MTL_FAST_MATH = YES;
				SDKROOT = iphoneos;
				SWIFT_COMPILATION_MODE = wholemodule;
				SWIFT_OPTIMIZATION_LEVEL = "-O";
				VALIDATE_PRODUCT = YES;
			};
			name = Release;
		};
		F6FA0BFF2A1B842D00E85451 /* Debug */ = {
			isa = XCBuildConfiguration;
			buildSettings = {
				ASSETCATALOG_COMPILER_APPICON_NAME = AppIcon;
				ASSETCATALOG_COMPILER_GLOBAL_ACCENT_COLOR_NAME = AccentColor;
				CODE_SIGN_STYLE = Automatic;
				CURRENT_PROJECT_VERSION = 1;
				DEVELOPMENT_TEAM = 43BA3A7UV4;
				GENERATE_INFOPLIST_FILE = YES;
				INFOPLIST_FILE = Tracker/Info.plist;
				INFOPLIST_KEY_UIApplicationSupportsIndirectInputEvents = YES;
				INFOPLIST_KEY_UILaunchStoryboardName = LaunchScreen;
				INFOPLIST_KEY_UISupportedInterfaceOrientations = UIInterfaceOrientationPortrait;
				INFOPLIST_KEY_UISupportedInterfaceOrientations_iPad = "UIInterfaceOrientationLandscapeLeft UIInterfaceOrientationLandscapeRight UIInterfaceOrientationPortrait UIInterfaceOrientationPortraitUpsideDown";
				IPHONEOS_DEPLOYMENT_TARGET = 13.4;
				LD_RUNPATH_SEARCH_PATHS = (
					"$(inherited)",
					"@executable_path/Frameworks",
				);
				MARKETING_VERSION = 1.0;
				PRODUCT_BUNDLE_IDENTIFIER = ru.dmitry.nikishov.Tracker;
				PRODUCT_NAME = "$(TARGET_NAME)";
				SUPPORTED_PLATFORMS = "iphoneos iphonesimulator";
				SUPPORTS_MACCATALYST = NO;
				SUPPORTS_MAC_DESIGNED_FOR_IPHONE_IPAD = NO;
				SWIFT_EMIT_LOC_STRINGS = YES;
				SWIFT_VERSION = 5.0;
				TARGETED_DEVICE_FAMILY = 1;
			};
			name = Debug;
		};
		F6FA0C002A1B842D00E85451 /* Release */ = {
			isa = XCBuildConfiguration;
			buildSettings = {
				ASSETCATALOG_COMPILER_APPICON_NAME = AppIcon;
				ASSETCATALOG_COMPILER_GLOBAL_ACCENT_COLOR_NAME = AccentColor;
				CODE_SIGN_STYLE = Automatic;
				CURRENT_PROJECT_VERSION = 1;
				DEVELOPMENT_TEAM = 43BA3A7UV4;
				GENERATE_INFOPLIST_FILE = YES;
				INFOPLIST_FILE = Tracker/Info.plist;
				INFOPLIST_KEY_UIApplicationSupportsIndirectInputEvents = YES;
				INFOPLIST_KEY_UILaunchStoryboardName = LaunchScreen;
				INFOPLIST_KEY_UISupportedInterfaceOrientations = UIInterfaceOrientationPortrait;
				INFOPLIST_KEY_UISupportedInterfaceOrientations_iPad = "UIInterfaceOrientationLandscapeLeft UIInterfaceOrientationLandscapeRight UIInterfaceOrientationPortrait UIInterfaceOrientationPortraitUpsideDown";
				IPHONEOS_DEPLOYMENT_TARGET = 13.4;
				LD_RUNPATH_SEARCH_PATHS = (
					"$(inherited)",
					"@executable_path/Frameworks",
				);
				MARKETING_VERSION = 1.0;
				PRODUCT_BUNDLE_IDENTIFIER = ru.dmitry.nikishov.Tracker;
				PRODUCT_NAME = "$(TARGET_NAME)";
				SUPPORTED_PLATFORMS = "iphoneos iphonesimulator";
				SUPPORTS_MACCATALYST = NO;
				SUPPORTS_MAC_DESIGNED_FOR_IPHONE_IPAD = NO;
				SWIFT_EMIT_LOC_STRINGS = YES;
				SWIFT_VERSION = 5.0;
				TARGETED_DEVICE_FAMILY = 1;
			};
			name = Release;
		};
/* End XCBuildConfiguration section */

/* Begin XCConfigurationList section */
		F6FA0BE52A1B842C00E85451 /* Build configuration list for PBXProject "Tracker" */ = {
			isa = XCConfigurationList;
			buildConfigurations = (
				F6FA0BFC2A1B842D00E85451 /* Debug */,
				F6FA0BFD2A1B842D00E85451 /* Release */,
			);
			defaultConfigurationIsVisible = 0;
			defaultConfigurationName = Release;
		};
		F6FA0BFE2A1B842D00E85451 /* Build configuration list for PBXNativeTarget "Tracker" */ = {
			isa = XCConfigurationList;
			buildConfigurations = (
				F6FA0BFF2A1B842D00E85451 /* Debug */,
				F6FA0C002A1B842D00E85451 /* Release */,
			);
			defaultConfigurationIsVisible = 0;
			defaultConfigurationName = Release;
		};
/* End XCConfigurationList section */
	};
	rootObject = F6FA0BE22A1B842C00E85451 /* Project object */;
}
